
Microsoft Visual Studio Solution File, Format Version 12.00
# Visual Studio Version 17
VisualStudioVersion = 17.5.33414.496
MinimumVisualStudioVersion = 10.0.40219.1
Project("{9A19103F-16F7-4668-BE54-9A1E7A4F7556}") = "CoffeeShop", "CoffeeShop\CoffeeShop.csproj", "{898D23ED-BF3C-4F44-8B4A-7373E6087F84}"
EndProject
Project("{2150E333-8FDC-42A3-9474-1A3956D46DE8}") = "js-app", "js-app", "{A1F3C1AB-DB0F-494A-A9C1-23ED9D3CD2AC}"
	ProjectSection(SolutionItems) = preProject
		index.html = index.html
		main.js = main.js
	EndProjectSection
EndProject
Global
	GlobalSection(SolutionConfigurationPlatforms) = preSolution
		Debug|Any CPU = Debug|Any CPU
		Release|Any CPU = Release|Any CPU
	EndGlobalSection
	GlobalSection(ProjectConfigurationPlatforms) = postSolution
		{898D23ED-BF3C-4F44-8B4A-7373E6087F84}.Debug|Any CPU.ActiveCfg = Debug|Any CPU
		{898D23ED-BF3C-4F44-8B4A-7373E6087F84}.Debug|Any CPU.Build.0 = Debug|Any CPU
		{898D23ED-BF3C-4F44-8B4A-7373E6087F84}.Release|Any CPU.ActiveCfg = Release|Any CPU
		{898D23ED-BF3C-4F44-8B4A-7373E6087F84}.Release|Any CPU.Build.0 = Release|Any CPU
	EndGlobalSection
	GlobalSection(SolutionProperties) = preSolution
		HideSolutionNode = FALSE
	EndGlobalSection
	GlobalSection(ExtensibilityGlobals) = postSolution
		SolutionGuid = {771D14BE-9BA1-49CB-82CD-50EB95016F1D}
	EndGlobalSection
EndGlobal
